
Microsoft Visual Studio Solution File, Format Version 12.00
# Visual Studio Version 16
VisualStudioVersion = 16.0.31025.194
MinimumVisualStudioVersion = 10.0.40219.1
Project("{FAE04EC0-301F-11D3-BF4B-00C04F79EFBC}") = "Makalah", "Makalah\Makalah.csproj", "{6BA9BD48-7C51-4E66-A8CC-C8BF286ED47F}"
EndProject
Global
	GlobalSection(SolutionConfigurationPlatforms) = preSolution
		Debug|Any CPU = Debug|Any CPU
		Release|Any CPU = Release|Any CPU
	EndGlobalSection
	GlobalSection(ProjectConfigurationPlatforms) = postSolution
		{6BA9BD48-7C51-4E66-A8CC-C8BF286ED47F}.Debug|Any CPU.ActiveCfg = Debug|Any CPU
		{6BA9BD48-7C51-4E66-A8CC-C8BF286ED47F}.Debug|Any CPU.Build.0 = Debug|Any CPU
		{6BA9BD48-7C51-4E66-A8CC-C8BF286ED47F}.Release|Any CPU.ActiveCfg = Release|Any CPU
		{6BA9BD48-7C51-4E66-A8CC-C8BF286ED47F}.Release|Any CPU.Build.0 = Release|Any CPU
	EndGlobalSection
	GlobalSection(SolutionProperties) = preSolution
		HideSolutionNode = FALSE
	EndGlobalSection
	GlobalSection(ExtensibilityGlobals) = postSolution
		SolutionGuid = {9FD1565C-D0B0-4D89-A072-C4AB5402E4F5}
	EndGlobalSection
EndGlobal
